{
    "version": 3,
    "terraform_version": "0.11.13",
    "serial": 5,
    "lineage": "376c026f-feba-500a-4d3b-93d671225466",
    "modules": [
        {
            "path": [
                "root"
            ],
            "outputs": {},
            "resources": {
                "google_storage_bucket.COLDLINE": {
                    "type": "google_storage_bucket",
                    "depends_on": [],
                    "primary": {
                        "id": "fuchicorp_bucket",
                        "attributes": {
                            "cors.#": "0",
                            "encryption.#": "0",
                            "force_destroy": "false",
                            "id": "fuchicorp_bucket",
                            "labels.%": "0",
                            "lifecycle_rule.#": "0",
                            "location": "US-CENTRAL1",
                            "logging.#": "0",
                            "name": "fuchicorp_bucket",
                            "project": "focus-surfer-237100",
                            "requester_pays": "false",
                            "self_link": "https://www.googleapis.com/storage/v1/b/fuchicorp_bucket",
                            "storage_class": "COLDLINE",
                            "url": "gs://fuchicorp_bucket",
                            "versioning.#": "0"
                        },
                        "meta": {},
                        "tainted": false
                    },
                    "deposed": [],
                    "provider": "provider.google"
                },
                "google_storage_bucket_object.folder": {
                    "type": "google_storage_bucket_object",
                    "depends_on": [
                        "google_storage_bucket.COLDLINE"
                    ],
                    "primary": {
                        "id": "fuchicorp_bucket-test",
                        "attributes": {
                            "bucket": "fuchicorp_bucket",
                            "cache_control": "",
                            "content": "Hello World",
                            "content_disposition": "",
                            "content_encoding": "",
                            "content_language": "",
                            "content_type": "text/plain; charset=utf-8",
                            "crc32c": "aR2qLw==",
                            "detect_md5hash": "sQqNsWTgdUEFt6mb5y4/5Q==",
                            "id": "fuchicorp_bucket-test",
                            "md5hash": "sQqNsWTgdUEFt6mb5y4/5Q==",
                            "name": "test",
                            "output_name": "test",
                            "self_link": "https://www.googleapis.com/storage/v1/b/fuchicorp_bucket/o/test",
                            "storage_class": "COLDLINE"
                        },
                        "meta": {},
                        "tainted": false
                    },
                    "deposed": [],
                    "provider": "provider.google"
                }
            },
            "depends_on": []
        }
    ]
}
